
Microsoft Visual Studio Solution File, Format Version 12.00
# Visual Studio Version 17
VisualStudioVersion = 17.7.34221.43
MinimumVisualStudioVersion = 10.0.40219.1
Project("{FAE04EC0-301F-11D3-BF4B-00C04F79EFBC}") = "ShopIdentity", "ShopIdentity.csproj", "{3334227A-351B-41D0-9CBE-1ED59A18E0CA}"
EndProject
Global
	GlobalSection(SolutionConfigurationPlatforms) = preSolution
		Debug|Any CPU = Debug|Any CPU
		Release|Any CPU = Release|Any CPU
	EndGlobalSection
	GlobalSection(ProjectConfigurationPlatforms) = postSolution
		{3334227A-351B-41D0-9CBE-1ED59A18E0CA}.Debug|Any CPU.ActiveCfg = Debug|Any CPU
		{3334227A-351B-41D0-9CBE-1ED59A18E0CA}.Debug|Any CPU.Build.0 = Debug|Any CPU
		{3334227A-351B-41D0-9CBE-1ED59A18E0CA}.Release|Any CPU.ActiveCfg = Release|Any CPU
		{3334227A-351B-41D0-9CBE-1ED59A18E0CA}.Release|Any CPU.Build.0 = Release|Any CPU
	EndGlobalSection
	GlobalSection(SolutionProperties) = preSolution
		HideSolutionNode = FALSE
	EndGlobalSection
	GlobalSection(ExtensibilityGlobals) = postSolution
		SolutionGuid = {D861CBB5-E441-4FD2-B86F-936F5A9F111B}
	EndGlobalSection
EndGlobal
